
Microsoft Visual Studio Solution File, Format Version 12.00
# Visual Studio 2012
Project("{FAE04EC0-301F-11D3-BF4B-00C04F79EFBC}") = "SharePoint.SpecFlow", "SharePoint.SpecFlow\SharePoint.SpecFlow.csproj", "{2A5936A6-4E64-4283-9189-91EF69EFBB73}"
EndProject
Project("{FAE04EC0-301F-11D3-BF4B-00C04F79EFBC}") = "SharePoint.SpecFlow.Tests", "SharePoint.SpecFlow.Tests\SharePoint.SpecFlow.Tests.csproj", "{5E00A2A8-0B55-492C-AE43-696CD67B341E}"
EndProject
Project("{2150E333-8FDC-42A3-9474-1A3956D46DE8}") = ".nuget", ".nuget", "{3F31FB13-7695-4BDF-92BC-0996BDE4F8AB}"
	ProjectSection(SolutionItems) = preProject
		.nuget\NuGet.Config = .nuget\NuGet.Config
		.nuget\NuGet.exe = .nuget\NuGet.exe
		.nuget\NuGet.targets = .nuget\NuGet.targets
	EndProjectSection
EndProject
Project("{FAE04EC0-301F-11D3-BF4B-00C04F79EFBC}") = "SharePoint.SpecFlow.Sample", "SharePoint.SpecFlow.Sample\SharePoint.SpecFlow.Sample.csproj", "{C3D6B781-F38B-4663-9C46-636F157ECF90}"
EndProject
Global
	GlobalSection(SolutionConfigurationPlatforms) = preSolution
		Debug SharePoint 2010|Any CPU = Debug SharePoint 2010|Any CPU
		Debug SharePoint 2013|Any CPU = Debug SharePoint 2013|Any CPU
		Release SharePoint 2010|Any CPU = Release SharePoint 2010|Any CPU
		Release SharePoint 2013|Any CPU = Release SharePoint 2013|Any CPU
	EndGlobalSection
	GlobalSection(ProjectConfigurationPlatforms) = postSolution
		{2A5936A6-4E64-4283-9189-91EF69EFBB73}.Debug SharePoint 2010|Any CPU.ActiveCfg = Debug SharePoint 2010|Any CPU
		{2A5936A6-4E64-4283-9189-91EF69EFBB73}.Debug SharePoint 2010|Any CPU.Build.0 = Debug SharePoint 2010|Any CPU
		{2A5936A6-4E64-4283-9189-91EF69EFBB73}.Debug SharePoint 2013|Any CPU.ActiveCfg = Debug SharePoint 2013|Any CPU
		{2A5936A6-4E64-4283-9189-91EF69EFBB73}.Debug SharePoint 2013|Any CPU.Build.0 = Debug SharePoint 2013|Any CPU
		{2A5936A6-4E64-4283-9189-91EF69EFBB73}.Release SharePoint 2010|Any CPU.ActiveCfg = Release SharePoint 2010|Any CPU
		{2A5936A6-4E64-4283-9189-91EF69EFBB73}.Release SharePoint 2010|Any CPU.Build.0 = Release SharePoint 2010|Any CPU
		{2A5936A6-4E64-4283-9189-91EF69EFBB73}.Release SharePoint 2013|Any CPU.ActiveCfg = Release SharePoint 2013|Any CPU
		{2A5936A6-4E64-4283-9189-91EF69EFBB73}.Release SharePoint 2013|Any CPU.Build.0 = Release SharePoint 2013|Any CPU
		{5E00A2A8-0B55-492C-AE43-696CD67B341E}.Debug SharePoint 2010|Any CPU.ActiveCfg = Debug SharePoint 2010|Any CPU
		{5E00A2A8-0B55-492C-AE43-696CD67B341E}.Debug SharePoint 2010|Any CPU.Build.0 = Debug SharePoint 2010|Any CPU
		{5E00A2A8-0B55-492C-AE43-696CD67B341E}.Debug SharePoint 2013|Any CPU.ActiveCfg = Debug SharePoint 2013|Any CPU
		{5E00A2A8-0B55-492C-AE43-696CD67B341E}.Debug SharePoint 2013|Any CPU.Build.0 = Debug SharePoint 2013|Any CPU
		{5E00A2A8-0B55-492C-AE43-696CD67B341E}.Release SharePoint 2010|Any CPU.ActiveCfg = Release SharePoint 2010|Any CPU
		{5E00A2A8-0B55-492C-AE43-696CD67B341E}.Release SharePoint 2010|Any CPU.Build.0 = Release SharePoint 2010|Any CPU
		{5E00A2A8-0B55-492C-AE43-696CD67B341E}.Release SharePoint 2013|Any CPU.ActiveCfg = Release SharePoint 2013|Any CPU
		{5E00A2A8-0B55-492C-AE43-696CD67B341E}.Release SharePoint 2013|Any CPU.Build.0 = Release SharePoint 2013|Any CPU
		{C3D6B781-F38B-4663-9C46-636F157ECF90}.Debug SharePoint 2010|Any CPU.ActiveCfg = Debug SharePoint 2010|Any CPU
		{C3D6B781-F38B-4663-9C46-636F157ECF90}.Debug SharePoint 2010|Any CPU.Build.0 = Debug SharePoint 2010|Any CPU
		{C3D6B781-F38B-4663-9C46-636F157ECF90}.Debug SharePoint 2013|Any CPU.ActiveCfg = Debug|Any CPU
		{C3D6B781-F38B-4663-9C46-636F157ECF90}.Debug SharePoint 2013|Any CPU.Build.0 = Debug|Any CPU
		{C3D6B781-F38B-4663-9C46-636F157ECF90}.Release SharePoint 2010|Any CPU.ActiveCfg = Release SharePoint 2010|Any CPU
		{C3D6B781-F38B-4663-9C46-636F157ECF90}.Release SharePoint 2010|Any CPU.Build.0 = Release SharePoint 2010|Any CPU
		{C3D6B781-F38B-4663-9C46-636F157ECF90}.Release SharePoint 2013|Any CPU.ActiveCfg = Release|Any CPU
		{C3D6B781-F38B-4663-9C46-636F157ECF90}.Release SharePoint 2013|Any CPU.Build.0 = Release|Any CPU
	EndGlobalSection
	GlobalSection(SolutionProperties) = preSolution
		HideSolutionNode = FALSE
	EndGlobalSection
EndGlobal
